
Microsoft Visual Studio Solution File, Format Version 12.00
# Visual Studio Version 17
VisualStudioVersion = 17.10.35013.160
MinimumVisualStudioVersion = 10.0.40219.1
Project("{9A19103F-16F7-4668-BE54-9A1E7A4F7556}") = "Day4_1", "AdventOfCode2024\Day4_1.csproj", "{B1E59E77-09A2-4263-96D2-EEFC98EF8611}"
EndProject
Project("{9A19103F-16F7-4668-BE54-9A1E7A4F7556}") = "Day4_2", "Day4_2\Day4_2.csproj", "{25CBA62D-38D4-4BDC-BE9C-7794B2487053}"
EndProject
Project("{9A19103F-16F7-4668-BE54-9A1E7A4F7556}") = "day5_1", "day5_1\day5_1.csproj", "{738DD807-2C18-42F1-B6C9-43CCD2059698}"
EndProject
Project("{9A19103F-16F7-4668-BE54-9A1E7A4F7556}") = "day5_2", "day5_2\day5_2.csproj", "{DFB800CC-CDC5-40B5-A58B-D286B8D50743}"
EndProject
Project("{9A19103F-16F7-4668-BE54-9A1E7A4F7556}") = "day6_1", "day6_1\day6_1.csproj", "{9D89686D-2332-473A-B041-4F8A4B0BE7B8}"
EndProject
Project("{9A19103F-16F7-4668-BE54-9A1E7A4F7556}") = "day6_2", "day6_2\day6_2.csproj", "{9E5E0238-0076-4252-94DB-7BD4AF73E707}"
EndProject
Project("{9A19103F-16F7-4668-BE54-9A1E7A4F7556}") = "Day7_1", "Day7_1\Day7_1.csproj", "{9297C830-F14A-409C-9B38-D91587D6749A}"
EndProject
Project("{9A19103F-16F7-4668-BE54-9A1E7A4F7556}") = "Day7_2", "Day7_2\Day7_2.csproj", "{28037A97-CA75-41A4-BBCC-AB0F3C951CA8}"
EndProject
Project("{9A19103F-16F7-4668-BE54-9A1E7A4F7556}") = "Day8_1", "Day8_1\Day8_1.csproj", "{F63747CB-71E6-4417-A0DC-05EDDDEB7976}"
EndProject
Project("{9A19103F-16F7-4668-BE54-9A1E7A4F7556}") = "Day8_2", "Day8_2\Day8_2.csproj", "{3222F2AA-BA43-4F8A-B545-E3CC2FC9C566}"
EndProject
Project("{9A19103F-16F7-4668-BE54-9A1E7A4F7556}") = "Day9_1", "Day9_1\Day9_1.csproj", "{8650AF03-E5CB-429C-9A94-A162F2CF1DE4}"
EndProject
Project("{9A19103F-16F7-4668-BE54-9A1E7A4F7556}") = "Day9_2", "Day9_2\Day9_2.csproj", "{08D85965-3379-4C1D-B8B8-E66E1850B734}"
EndProject
Project("{9A19103F-16F7-4668-BE54-9A1E7A4F7556}") = "Day10_1", "Day10_1\Day10_1.csproj", "{C7C4FB32-AE87-4B40-8E14-2DF91D39F959}"
EndProject
Project("{9A19103F-16F7-4668-BE54-9A1E7A4F7556}") = "Day10_2", "Day10_2\Day10_2.csproj", "{BFF50B04-D6D6-41F3-98B4-1135E5287343}"
EndProject
Project("{9A19103F-16F7-4668-BE54-9A1E7A4F7556}") = "Day11_1", "Day11_1\Day11_1.csproj", "{ED890A55-A541-4297-98D5-B1609713062D}"
EndProject
Project("{9A19103F-16F7-4668-BE54-9A1E7A4F7556}") = "Day11_2", "Day11_2\Day11_2.csproj", "{6FFAFB4B-BBEF-4BBE-8EFB-8F231C5940B0}"
EndProject
Project("{9A19103F-16F7-4668-BE54-9A1E7A4F7556}") = "Day12_1", "Day12_1\Day12_1.csproj", "{38748A71-7709-4606-A914-3ECAE9CC2E7B}"
EndProject
Project("{9A19103F-16F7-4668-BE54-9A1E7A4F7556}") = "Day12_2", "Day12_2\Day12_2.csproj", "{03C8F1EA-E7D2-4AEA-99F0-3354328C9625}"
EndProject
Project("{FAE04EC0-301F-11D3-BF4B-00C04F79EFBC}") = "Day13_1", "Day13_1\Day13_1.csproj", "{957FEA50-F84D-4B82-9D9F-2454170CA7CE}"
EndProject
Project("{FAE04EC0-301F-11D3-BF4B-00C04F79EFBC}") = "Day13_2", "Day13_2\Day13_2.csproj", "{E78BA8CD-E640-4CC2-ACE1-01BABB4625B7}"
EndProject
Global
	GlobalSection(SolutionConfigurationPlatforms) = preSolution
		Debug|Any CPU = Debug|Any CPU
		Release|Any CPU = Release|Any CPU
	EndGlobalSection
	GlobalSection(ProjectConfigurationPlatforms) = postSolution
		{B1E59E77-09A2-4263-96D2-EEFC98EF8611}.Debug|Any CPU.ActiveCfg = Debug|Any CPU
		{B1E59E77-09A2-4263-96D2-EEFC98EF8611}.Debug|Any CPU.Build.0 = Debug|Any CPU
		{B1E59E77-09A2-4263-96D2-EEFC98EF8611}.Release|Any CPU.ActiveCfg = Release|Any CPU
		{B1E59E77-09A2-4263-96D2-EEFC98EF8611}.Release|Any CPU.Build.0 = Release|Any CPU
		{25CBA62D-38D4-4BDC-BE9C-7794B2487053}.Debug|Any CPU.ActiveCfg = Debug|Any CPU
		{25CBA62D-38D4-4BDC-BE9C-7794B2487053}.Debug|Any CPU.Build.0 = Debug|Any CPU
		{25CBA62D-38D4-4BDC-BE9C-7794B2487053}.Release|Any CPU.ActiveCfg = Release|Any CPU
		{25CBA62D-38D4-4BDC-BE9C-7794B2487053}.Release|Any CPU.Build.0 = Release|Any CPU
		{738DD807-2C18-42F1-B6C9-43CCD2059698}.Debug|Any CPU.ActiveCfg = Debug|Any CPU
		{738DD807-2C18-42F1-B6C9-43CCD2059698}.Debug|Any CPU.Build.0 = Debug|Any CPU
		{738DD807-2C18-42F1-B6C9-43CCD2059698}.Release|Any CPU.ActiveCfg = Release|Any CPU
		{738DD807-2C18-42F1-B6C9-43CCD2059698}.Release|Any CPU.Build.0 = Release|Any CPU
		{DFB800CC-CDC5-40B5-A58B-D286B8D50743}.Debug|Any CPU.ActiveCfg = Debug|Any CPU
		{DFB800CC-CDC5-40B5-A58B-D286B8D50743}.Debug|Any CPU.Build.0 = Debug|Any CPU
		{DFB800CC-CDC5-40B5-A58B-D286B8D50743}.Release|Any CPU.ActiveCfg = Release|Any CPU
		{DFB800CC-CDC5-40B5-A58B-D286B8D50743}.Release|Any CPU.Build.0 = Release|Any CPU
		{9D89686D-2332-473A-B041-4F8A4B0BE7B8}.Debug|Any CPU.ActiveCfg = Debug|Any CPU
		{9D89686D-2332-473A-B041-4F8A4B0BE7B8}.Debug|Any CPU.Build.0 = Debug|Any CPU
		{9D89686D-2332-473A-B041-4F8A4B0BE7B8}.Release|Any CPU.ActiveCfg = Release|Any CPU
		{9D89686D-2332-473A-B041-4F8A4B0BE7B8}.Release|Any CPU.Build.0 = Release|Any CPU
		{9E5E0238-0076-4252-94DB-7BD4AF73E707}.Debug|Any CPU.ActiveCfg = Debug|Any CPU
		{9E5E0238-0076-4252-94DB-7BD4AF73E707}.Debug|Any CPU.Build.0 = Debug|Any CPU
		{9E5E0238-0076-4252-94DB-7BD4AF73E707}.Release|Any CPU.ActiveCfg = Release|Any CPU
		{9E5E0238-0076-4252-94DB-7BD4AF73E707}.Release|Any CPU.Build.0 = Release|Any CPU
		{9297C830-F14A-409C-9B38-D91587D6749A}.Debug|Any CPU.ActiveCfg = Debug|Any CPU
		{9297C830-F14A-409C-9B38-D91587D6749A}.Debug|Any CPU.Build.0 = Debug|Any CPU
		{9297C830-F14A-409C-9B38-D91587D6749A}.Release|Any CPU.ActiveCfg = Release|Any CPU
		{9297C830-F14A-409C-9B38-D91587D6749A}.Release|Any CPU.Build.0 = Release|Any CPU
		{28037A97-CA75-41A4-BBCC-AB0F3C951CA8}.Debug|Any CPU.ActiveCfg = Debug|Any CPU
		{28037A97-CA75-41A4-BBCC-AB0F3C951CA8}.Debug|Any CPU.Build.0 = Debug|Any CPU
		{28037A97-CA75-41A4-BBCC-AB0F3C951CA8}.Release|Any CPU.ActiveCfg = Release|Any CPU
		{28037A97-CA75-41A4-BBCC-AB0F3C951CA8}.Release|Any CPU.Build.0 = Release|Any CPU
		{F63747CB-71E6-4417-A0DC-05EDDDEB7976}.Debug|Any CPU.ActiveCfg = Debug|Any CPU
		{F63747CB-71E6-4417-A0DC-05EDDDEB7976}.Debug|Any CPU.Build.0 = Debug|Any CPU
		{F63747CB-71E6-4417-A0DC-05EDDDEB7976}.Release|Any CPU.ActiveCfg = Release|Any CPU
		{F63747CB-71E6-4417-A0DC-05EDDDEB7976}.Release|Any CPU.Build.0 = Release|Any CPU
		{3222F2AA-BA43-4F8A-B545-E3CC2FC9C566}.Debug|Any CPU.ActiveCfg = Debug|Any CPU
		{3222F2AA-BA43-4F8A-B545-E3CC2FC9C566}.Debug|Any CPU.Build.0 = Debug|Any CPU
		{3222F2AA-BA43-4F8A-B545-E3CC2FC9C566}.Release|Any CPU.ActiveCfg = Release|Any CPU
		{3222F2AA-BA43-4F8A-B545-E3CC2FC9C566}.Release|Any CPU.Build.0 = Release|Any CPU
		{8650AF03-E5CB-429C-9A94-A162F2CF1DE4}.Debug|Any CPU.ActiveCfg = Debug|Any CPU
		{8650AF03-E5CB-429C-9A94-A162F2CF1DE4}.Debug|Any CPU.Build.0 = Debug|Any CPU
		{8650AF03-E5CB-429C-9A94-A162F2CF1DE4}.Release|Any CPU.ActiveCfg = Release|Any CPU
		{8650AF03-E5CB-429C-9A94-A162F2CF1DE4}.Release|Any CPU.Build.0 = Release|Any CPU
		{08D85965-3379-4C1D-B8B8-E66E1850B734}.Debug|Any CPU.ActiveCfg = Debug|Any CPU
		{08D85965-3379-4C1D-B8B8-E66E1850B734}.Debug|Any CPU.Build.0 = Debug|Any CPU
		{08D85965-3379-4C1D-B8B8-E66E1850B734}.Release|Any CPU.ActiveCfg = Release|Any CPU
		{08D85965-3379-4C1D-B8B8-E66E1850B734}.Release|Any CPU.Build.0 = Release|Any CPU
		{C7C4FB32-AE87-4B40-8E14-2DF91D39F959}.Debug|Any CPU.ActiveCfg = Debug|Any CPU
		{C7C4FB32-AE87-4B40-8E14-2DF91D39F959}.Debug|Any CPU.Build.0 = Debug|Any CPU
		{C7C4FB32-AE87-4B40-8E14-2DF91D39F959}.Release|Any CPU.ActiveCfg = Release|Any CPU
		{C7C4FB32-AE87-4B40-8E14-2DF91D39F959}.Release|Any CPU.Build.0 = Release|Any CPU
		{BFF50B04-D6D6-41F3-98B4-1135E5287343}.Debug|Any CPU.ActiveCfg = Debug|Any CPU
		{BFF50B04-D6D6-41F3-98B4-1135E5287343}.Debug|Any CPU.Build.0 = Debug|Any CPU
		{BFF50B04-D6D6-41F3-98B4-1135E5287343}.Release|Any CPU.ActiveCfg = Release|Any CPU
		{BFF50B04-D6D6-41F3-98B4-1135E5287343}.Release|Any CPU.Build.0 = Release|Any CPU
		{ED890A55-A541-4297-98D5-B1609713062D}.Debug|Any CPU.ActiveCfg = Debug|Any CPU
		{ED890A55-A541-4297-98D5-B1609713062D}.Debug|Any CPU.Build.0 = Debug|Any CPU
		{ED890A55-A541-4297-98D5-B1609713062D}.Release|Any CPU.ActiveCfg = Release|Any CPU
		{ED890A55-A541-4297-98D5-B1609713062D}.Release|Any CPU.Build.0 = Release|Any CPU
		{6FFAFB4B-BBEF-4BBE-8EFB-8F231C5940B0}.Debug|Any CPU.ActiveCfg = Debug|Any CPU
		{6FFAFB4B-BBEF-4BBE-8EFB-8F231C5940B0}.Debug|Any CPU.Build.0 = Debug|Any CPU
		{6FFAFB4B-BBEF-4BBE-8EFB-8F231C5940B0}.Release|Any CPU.ActiveCfg = Release|Any CPU
		{6FFAFB4B-BBEF-4BBE-8EFB-8F231C5940B0}.Release|Any CPU.Build.0 = Release|Any CPU
		{38748A71-7709-4606-A914-3ECAE9CC2E7B}.Debug|Any CPU.ActiveCfg = Debug|Any CPU
		{38748A71-7709-4606-A914-3ECAE9CC2E7B}.Debug|Any CPU.Build.0 = Debug|Any CPU
		{38748A71-7709-4606-A914-3ECAE9CC2E7B}.Release|Any CPU.ActiveCfg = Release|Any CPU
		{38748A71-7709-4606-A914-3ECAE9CC2E7B}.Release|Any CPU.Build.0 = Release|Any CPU
		{03C8F1EA-E7D2-4AEA-99F0-3354328C9625}.Debug|Any CPU.ActiveCfg = Debug|Any CPU
		{03C8F1EA-E7D2-4AEA-99F0-3354328C9625}.Debug|Any CPU.Build.0 = Debug|Any CPU
		{03C8F1EA-E7D2-4AEA-99F0-3354328C9625}.Release|Any CPU.ActiveCfg = Release|Any CPU
		{03C8F1EA-E7D2-4AEA-99F0-3354328C9625}.Release|Any CPU.Build.0 = Release|Any CPU
		{957FEA50-F84D-4B82-9D9F-2454170CA7CE}.Debug|Any CPU.ActiveCfg = Debug|Any CPU
		{957FEA50-F84D-4B82-9D9F-2454170CA7CE}.Debug|Any CPU.Build.0 = Debug|Any CPU
		{957FEA50-F84D-4B82-9D9F-2454170CA7CE}.Release|Any CPU.ActiveCfg = Release|Any CPU
		{957FEA50-F84D-4B82-9D9F-2454170CA7CE}.Release|Any CPU.Build.0 = Release|Any CPU
		{E78BA8CD-E640-4CC2-ACE1-01BABB4625B7}.Debug|Any CPU.ActiveCfg = Debug|Any CPU
		{E78BA8CD-E640-4CC2-ACE1-01BABB4625B7}.Debug|Any CPU.Build.0 = Debug|Any CPU
		{E78BA8CD-E640-4CC2-ACE1-01BABB4625B7}.Release|Any CPU.ActiveCfg = Release|Any CPU
		{E78BA8CD-E640-4CC2-ACE1-01BABB4625B7}.Release|Any CPU.Build.0 = Release|Any CPU
	EndGlobalSection
	GlobalSection(SolutionProperties) = preSolution
		HideSolutionNode = FALSE
	EndGlobalSection
	GlobalSection(ExtensibilityGlobals) = postSolution
		SolutionGuid = {3B044F99-5C84-407D-B787-D2550A7A540A}
	EndGlobalSection
EndGlobal
