
Microsoft Visual Studio Solution File, Format Version 12.00
# Visual Studio Version 17
VisualStudioVersion = 17.10.35013.160
MinimumVisualStudioVersion = 10.0.40219.1
Project("{9A19103F-16F7-4668-BE54-9A1E7A4F7556}") = "Day4_1", "Day4_1\Day4_1.csproj", "{B1E59E77-09A2-4263-96D2-EEFC98EF8611}"
EndProject
Project("{9A19103F-16F7-4668-BE54-9A1E7A4F7556}") = "Day4_2", "Day4_2\Day4_2.csproj", "{25CBA62D-38D4-4BDC-BE9C-7794B2487053}"
EndProject
Project("{9A19103F-16F7-4668-BE54-9A1E7A4F7556}") = "day5_1", "day5_1\day5_1.csproj", "{738DD807-2C18-42F1-B6C9-43CCD2059698}"
EndProject
Project("{9A19103F-16F7-4668-BE54-9A1E7A4F7556}") = "day5_2", "day5_2\day5_2.csproj", "{DFB800CC-CDC5-40B5-A58B-D286B8D50743}"
EndProject
Project("{9A19103F-16F7-4668-BE54-9A1E7A4F7556}") = "day6_1", "day6_1\day6_1.csproj", "{9D89686D-2332-473A-B041-4F8A4B0BE7B8}"
EndProject
Project("{9A19103F-16F7-4668-BE54-9A1E7A4F7556}") = "day6_2", "day6_2\day6_2.csproj", "{9E5E0238-0076-4252-94DB-7BD4AF73E707}"
EndProject
Project("{9A19103F-16F7-4668-BE54-9A1E7A4F7556}") = "Day7_1", "Day7_1\Day7_1.csproj", "{9297C830-F14A-409C-9B38-D91587D6749A}"
EndProject
Project("{9A19103F-16F7-4668-BE54-9A1E7A4F7556}") = "Day7_2", "Day7_2\Day7_2.csproj", "{28037A97-CA75-41A4-BBCC-AB0F3C951CA8}"
EndProject
Project("{9A19103F-16F7-4668-BE54-9A1E7A4F7556}") = "Day8_1", "Day8_1\Day8_1.csproj", "{F63747CB-71E6-4417-A0DC-05EDDDEB7976}"
EndProject
Project("{9A19103F-16F7-4668-BE54-9A1E7A4F7556}") = "Day8_2", "Day8_2\Day8_2.csproj", "{3222F2AA-BA43-4F8A-B545-E3CC2FC9C566}"
EndProject
Project("{9A19103F-16F7-4668-BE54-9A1E7A4F7556}") = "Day9_1", "Day9_1\Day9_1.csproj", "{8650AF03-E5CB-429C-9A94-A162F2CF1DE4}"
EndProject
Project("{9A19103F-16F7-4668-BE54-9A1E7A4F7556}") = "Day9_2", "Day9_2\Day9_2.csproj", "{08D85965-3379-4C1D-B8B8-E66E1850B734}"
EndProject
Project("{9A19103F-16F7-4668-BE54-9A1E7A4F7556}") = "Day10_1", "Day10_1\Day10_1.csproj", "{C7C4FB32-AE87-4B40-8E14-2DF91D39F959}"
EndProject
Project("{9A19103F-16F7-4668-BE54-9A1E7A4F7556}") = "Day10_2", "Day10_2\Day10_2.csproj", "{BFF50B04-D6D6-41F3-98B4-1135E5287343}"
EndProject
Project("{9A19103F-16F7-4668-BE54-9A1E7A4F7556}") = "Day11_1", "Day11_1\Day11_1.csproj", "{ED890A55-A541-4297-98D5-B1609713062D}"
EndProject
Project("{9A19103F-16F7-4668-BE54-9A1E7A4F7556}") = "Day11_2", "Day11_2\Day11_2.csproj", "{6FFAFB4B-BBEF-4BBE-8EFB-8F231C5940B0}"
EndProject
Project("{9A19103F-16F7-4668-BE54-9A1E7A4F7556}") = "Day12_1", "Day12_1\Day12_1.csproj", "{38748A71-7709-4606-A914-3ECAE9CC2E7B}"
EndProject
Project("{9A19103F-16F7-4668-BE54-9A1E7A4F7556}") = "Day12_2", "Day12_2\Day12_2.csproj", "{03C8F1EA-E7D2-4AEA-99F0-3354328C9625}"
EndProject
Project("{9A19103F-16F7-4668-BE54-9A1E7A4F7556}") = "Day13_1", "Day13_1\Day13_1.csproj", "{957FEA50-F84D-4B82-9D9F-2454170CA7CE}"
EndProject
Project("{9A19103F-16F7-4668-BE54-9A1E7A4F7556}") = "Day13_2", "Day13_2\Day13_2.csproj", "{E78BA8CD-E640-4CC2-ACE1-01BABB4625B7}"
EndProject
Project("{9A19103F-16F7-4668-BE54-9A1E7A4F7556}") = "Visu", "Visu\Visu.csproj", "{7F442C5C-F78B-4E2C-8854-41A43467F1A7}"
EndProject
Project("{9A19103F-16F7-4668-BE54-9A1E7A4F7556}") = "Day14_1", "Day14_1\Day14_1.csproj", "{AE2F38D0-5EC8-4EF7-8C35-E7B2F5B05B20}"
EndProject
Project("{9A19103F-16F7-4668-BE54-9A1E7A4F7556}") = "Day14_2", "Day14_2\Day14_2.csproj", "{59579746-5CCF-47CA-A683-03EDEB8FC1D6}"
EndProject
Project("{9A19103F-16F7-4668-BE54-9A1E7A4F7556}") = "Day1_1", "Day1_1\Day1_1.csproj", "{0385B9CB-6C10-43E7-AA9F-A7EBC4BD55EC}"
EndProject
Project("{9A19103F-16F7-4668-BE54-9A1E7A4F7556}") = "Day1_2", "Day1_2\Day1_2.csproj", "{552D50F4-9ABC-4738-A83A-3E69A08466A0}"
EndProject
Project("{9A19103F-16F7-4668-BE54-9A1E7A4F7556}") = "Day2_1", "Day2_1\Day2_1.csproj", "{1C945322-6C88-4AD2-91A7-A71C98C45969}"
EndProject
Project("{9A19103F-16F7-4668-BE54-9A1E7A4F7556}") = "Day2_2", "Day2_2\Day2_2.csproj", "{37DBEA98-8E5A-432A-8734-53F8B74A94CE}"
EndProject
Project("{9A19103F-16F7-4668-BE54-9A1E7A4F7556}") = "Day3_1", "Day3_1\Day3_1.csproj", "{D3345466-ABC3-4A20-8D3C-D0B079074C91}"
EndProject
Project("{9A19103F-16F7-4668-BE54-9A1E7A4F7556}") = "Day3_2", "Day3_2\Day3_2.csproj", "{4157AAD2-023F-47EA-9755-47A679FC3FC7}"
EndProject
Project("{9A19103F-16F7-4668-BE54-9A1E7A4F7556}") = "Day15_1", "Day15_1\Day15_1.csproj", "{ECAEEA5D-B694-4DC4-AE7E-8A609C4E5192}"
EndProject
Project("{9A19103F-16F7-4668-BE54-9A1E7A4F7556}") = "Day15_2", "Day15_2\Day15_2.csproj", "{38D66AE9-1207-42C0-8868-615B502163FE}"
EndProject
Project("{9A19103F-16F7-4668-BE54-9A1E7A4F7556}") = "Day16_1", "Day16_1\Day16_1.csproj", "{CFB0D4BC-D145-429D-8196-6C88A3B9AA21}"
EndProject
Project("{9A19103F-16F7-4668-BE54-9A1E7A4F7556}") = "Day16_2", "Day16_2\Day16_2.csproj", "{82FB74E2-E144-4368-9519-3920DEE896DF}"
EndProject
Project("{9A19103F-16F7-4668-BE54-9A1E7A4F7556}") = "Day17_1", "Day17_1\Day17_1.csproj", "{93B88FF0-2B00-4EA0-8DC9-9EEF93373938}"
EndProject
Project("{9A19103F-16F7-4668-BE54-9A1E7A4F7556}") = "Day17_2", "Day17_2\Day17_2.csproj", "{C0CF8E78-E4D3-4EF8-849F-5F6B9222AB02}"
EndProject
Project("{9A19103F-16F7-4668-BE54-9A1E7A4F7556}") = "Day18_1", "Day18_1\Day18_1.csproj", "{EF35332E-6092-46FD-B4C9-64192C69A95B}"
EndProject
Project("{9A19103F-16F7-4668-BE54-9A1E7A4F7556}") = "Day19_1", "Day19_1\Day19_1.csproj", "{E9AAC846-9B6A-4706-90D4-1232DCF29728}"
EndProject
Project("{9A19103F-16F7-4668-BE54-9A1E7A4F7556}") = "Day19_2", "Day19_2\Day19_2.csproj", "{2A94D7D1-E3ED-4BD2-9F89-0B8A46CBCB45}"
EndProject
Project("{9A19103F-16F7-4668-BE54-9A1E7A4F7556}") = "Day20_1", "Day20_1\Day20_1.csproj", "{744200C3-4A6A-4CAF-87CB-6DB53A452E25}"
EndProject
Project("{9A19103F-16F7-4668-BE54-9A1E7A4F7556}") = "Day20_2", "Day20_2\Day20_2.csproj", "{FD17BB51-6D57-4DD7-9028-046F9641C6E0}"
EndProject
Project("{9A19103F-16F7-4668-BE54-9A1E7A4F7556}") = "Day18_2", "Day18_2\Day18_2.csproj", "{A38119C1-7D25-4A8E-9053-D941E9CFE70D}"
EndProject
Project("{9A19103F-16F7-4668-BE54-9A1E7A4F7556}") = "Day21_2", "Day21_2\Day21_2.csproj", "{7CD22A74-F2F2-47A7-9B64-DB8A9EFF54BE}"
EndProject
Project("{9A19103F-16F7-4668-BE54-9A1E7A4F7556}") = "Day21_1", "Day21_1\Day21_1.csproj", "{DBCEA39C-BD3B-4741-916A-68AA5A13EC5D}"
EndProject
Project("{9A19103F-16F7-4668-BE54-9A1E7A4F7556}") = "Day22_2", "Day22_2\Day22_2.csproj", "{D449E948-A279-498C-842B-5BA521A54478}"
EndProject
Project("{9A19103F-16F7-4668-BE54-9A1E7A4F7556}") = "Day22_1", "Day22_1\Day22_1.csproj", "{2DC3E0DB-8243-4A50-BA28-C8100AED9154}"
EndProject
Project("{9A19103F-16F7-4668-BE54-9A1E7A4F7556}") = "Day23_2", "Day23_2\Day23_2.csproj", "{4869BD9A-0098-4657-8161-D082D989145A}"
EndProject
Project("{9A19103F-16F7-4668-BE54-9A1E7A4F7556}") = "Day23_1", "Day23_1\Day23_1.csproj", "{FBCF01FC-BE1C-4BEA-956A-FD611AD1C583}"
EndProject
Project("{9A19103F-16F7-4668-BE54-9A1E7A4F7556}") = "Day24_1", "Day24_1\Day24_1.csproj", "{1DC41084-FAF7-4DB8-A30F-D125CD6764A8}"
EndProject
Project("{FAE04EC0-301F-11D3-BF4B-00C04F79EFBC}") = "Day24_2", "Day24_2\Day24_2.csproj", "{BD24AE6A-42A6-449D-A9CC-0C2A17BB97E8}"
EndProject
Global
	GlobalSection(SolutionConfigurationPlatforms) = preSolution
		Debug|Any CPU = Debug|Any CPU
		Release|Any CPU = Release|Any CPU
	EndGlobalSection
	GlobalSection(ProjectConfigurationPlatforms) = postSolution
		{B1E59E77-09A2-4263-96D2-EEFC98EF8611}.Debug|Any CPU.ActiveCfg = Debug|Any CPU
		{B1E59E77-09A2-4263-96D2-EEFC98EF8611}.Debug|Any CPU.Build.0 = Debug|Any CPU
		{B1E59E77-09A2-4263-96D2-EEFC98EF8611}.Release|Any CPU.ActiveCfg = Release|Any CPU
		{B1E59E77-09A2-4263-96D2-EEFC98EF8611}.Release|Any CPU.Build.0 = Release|Any CPU
		{25CBA62D-38D4-4BDC-BE9C-7794B2487053}.Debug|Any CPU.ActiveCfg = Debug|Any CPU
		{25CBA62D-38D4-4BDC-BE9C-7794B2487053}.Debug|Any CPU.Build.0 = Debug|Any CPU
		{25CBA62D-38D4-4BDC-BE9C-7794B2487053}.Release|Any CPU.ActiveCfg = Release|Any CPU
		{25CBA62D-38D4-4BDC-BE9C-7794B2487053}.Release|Any CPU.Build.0 = Release|Any CPU
		{738DD807-2C18-42F1-B6C9-43CCD2059698}.Debug|Any CPU.ActiveCfg = Debug|Any CPU
		{738DD807-2C18-42F1-B6C9-43CCD2059698}.Debug|Any CPU.Build.0 = Debug|Any CPU
		{738DD807-2C18-42F1-B6C9-43CCD2059698}.Release|Any CPU.ActiveCfg = Release|Any CPU
		{738DD807-2C18-42F1-B6C9-43CCD2059698}.Release|Any CPU.Build.0 = Release|Any CPU
		{DFB800CC-CDC5-40B5-A58B-D286B8D50743}.Debug|Any CPU.ActiveCfg = Debug|Any CPU
		{DFB800CC-CDC5-40B5-A58B-D286B8D50743}.Debug|Any CPU.Build.0 = Debug|Any CPU
		{DFB800CC-CDC5-40B5-A58B-D286B8D50743}.Release|Any CPU.ActiveCfg = Release|Any CPU
		{DFB800CC-CDC5-40B5-A58B-D286B8D50743}.Release|Any CPU.Build.0 = Release|Any CPU
		{9D89686D-2332-473A-B041-4F8A4B0BE7B8}.Debug|Any CPU.ActiveCfg = Debug|Any CPU
		{9D89686D-2332-473A-B041-4F8A4B0BE7B8}.Debug|Any CPU.Build.0 = Debug|Any CPU
		{9D89686D-2332-473A-B041-4F8A4B0BE7B8}.Release|Any CPU.ActiveCfg = Release|Any CPU
		{9D89686D-2332-473A-B041-4F8A4B0BE7B8}.Release|Any CPU.Build.0 = Release|Any CPU
		{9E5E0238-0076-4252-94DB-7BD4AF73E707}.Debug|Any CPU.ActiveCfg = Debug|Any CPU
		{9E5E0238-0076-4252-94DB-7BD4AF73E707}.Debug|Any CPU.Build.0 = Debug|Any CPU
		{9E5E0238-0076-4252-94DB-7BD4AF73E707}.Release|Any CPU.ActiveCfg = Release|Any CPU
		{9E5E0238-0076-4252-94DB-7BD4AF73E707}.Release|Any CPU.Build.0 = Release|Any CPU
		{9297C830-F14A-409C-9B38-D91587D6749A}.Debug|Any CPU.ActiveCfg = Debug|Any CPU
		{9297C830-F14A-409C-9B38-D91587D6749A}.Debug|Any CPU.Build.0 = Debug|Any CPU
		{9297C830-F14A-409C-9B38-D91587D6749A}.Release|Any CPU.ActiveCfg = Release|Any CPU
		{9297C830-F14A-409C-9B38-D91587D6749A}.Release|Any CPU.Build.0 = Release|Any CPU
		{28037A97-CA75-41A4-BBCC-AB0F3C951CA8}.Debug|Any CPU.ActiveCfg = Debug|Any CPU
		{28037A97-CA75-41A4-BBCC-AB0F3C951CA8}.Debug|Any CPU.Build.0 = Debug|Any CPU
		{28037A97-CA75-41A4-BBCC-AB0F3C951CA8}.Release|Any CPU.ActiveCfg = Release|Any CPU
		{28037A97-CA75-41A4-BBCC-AB0F3C951CA8}.Release|Any CPU.Build.0 = Release|Any CPU
		{F63747CB-71E6-4417-A0DC-05EDDDEB7976}.Debug|Any CPU.ActiveCfg = Debug|Any CPU
		{F63747CB-71E6-4417-A0DC-05EDDDEB7976}.Debug|Any CPU.Build.0 = Debug|Any CPU
		{F63747CB-71E6-4417-A0DC-05EDDDEB7976}.Release|Any CPU.ActiveCfg = Release|Any CPU
		{F63747CB-71E6-4417-A0DC-05EDDDEB7976}.Release|Any CPU.Build.0 = Release|Any CPU
		{3222F2AA-BA43-4F8A-B545-E3CC2FC9C566}.Debug|Any CPU.ActiveCfg = Debug|Any CPU
		{3222F2AA-BA43-4F8A-B545-E3CC2FC9C566}.Debug|Any CPU.Build.0 = Debug|Any CPU
		{3222F2AA-BA43-4F8A-B545-E3CC2FC9C566}.Release|Any CPU.ActiveCfg = Release|Any CPU
		{3222F2AA-BA43-4F8A-B545-E3CC2FC9C566}.Release|Any CPU.Build.0 = Release|Any CPU
		{8650AF03-E5CB-429C-9A94-A162F2CF1DE4}.Debug|Any CPU.ActiveCfg = Debug|Any CPU
		{8650AF03-E5CB-429C-9A94-A162F2CF1DE4}.Debug|Any CPU.Build.0 = Debug|Any CPU
		{8650AF03-E5CB-429C-9A94-A162F2CF1DE4}.Release|Any CPU.ActiveCfg = Release|Any CPU
		{8650AF03-E5CB-429C-9A94-A162F2CF1DE4}.Release|Any CPU.Build.0 = Release|Any CPU
		{08D85965-3379-4C1D-B8B8-E66E1850B734}.Debug|Any CPU.ActiveCfg = Debug|Any CPU
		{08D85965-3379-4C1D-B8B8-E66E1850B734}.Debug|Any CPU.Build.0 = Debug|Any CPU
		{08D85965-3379-4C1D-B8B8-E66E1850B734}.Release|Any CPU.ActiveCfg = Release|Any CPU
		{08D85965-3379-4C1D-B8B8-E66E1850B734}.Release|Any CPU.Build.0 = Release|Any CPU
		{C7C4FB32-AE87-4B40-8E14-2DF91D39F959}.Debug|Any CPU.ActiveCfg = Debug|Any CPU
		{C7C4FB32-AE87-4B40-8E14-2DF91D39F959}.Debug|Any CPU.Build.0 = Debug|Any CPU
		{C7C4FB32-AE87-4B40-8E14-2DF91D39F959}.Release|Any CPU.ActiveCfg = Release|Any CPU
		{C7C4FB32-AE87-4B40-8E14-2DF91D39F959}.Release|Any CPU.Build.0 = Release|Any CPU
		{BFF50B04-D6D6-41F3-98B4-1135E5287343}.Debug|Any CPU.ActiveCfg = Debug|Any CPU
		{BFF50B04-D6D6-41F3-98B4-1135E5287343}.Debug|Any CPU.Build.0 = Debug|Any CPU
		{BFF50B04-D6D6-41F3-98B4-1135E5287343}.Release|Any CPU.ActiveCfg = Release|Any CPU
		{BFF50B04-D6D6-41F3-98B4-1135E5287343}.Release|Any CPU.Build.0 = Release|Any CPU
		{ED890A55-A541-4297-98D5-B1609713062D}.Debug|Any CPU.ActiveCfg = Debug|Any CPU
		{ED890A55-A541-4297-98D5-B1609713062D}.Debug|Any CPU.Build.0 = Debug|Any CPU
		{ED890A55-A541-4297-98D5-B1609713062D}.Release|Any CPU.ActiveCfg = Release|Any CPU
		{ED890A55-A541-4297-98D5-B1609713062D}.Release|Any CPU.Build.0 = Release|Any CPU
		{6FFAFB4B-BBEF-4BBE-8EFB-8F231C5940B0}.Debug|Any CPU.ActiveCfg = Debug|Any CPU
		{6FFAFB4B-BBEF-4BBE-8EFB-8F231C5940B0}.Debug|Any CPU.Build.0 = Debug|Any CPU
		{6FFAFB4B-BBEF-4BBE-8EFB-8F231C5940B0}.Release|Any CPU.ActiveCfg = Release|Any CPU
		{6FFAFB4B-BBEF-4BBE-8EFB-8F231C5940B0}.Release|Any CPU.Build.0 = Release|Any CPU
		{38748A71-7709-4606-A914-3ECAE9CC2E7B}.Debug|Any CPU.ActiveCfg = Debug|Any CPU
		{38748A71-7709-4606-A914-3ECAE9CC2E7B}.Debug|Any CPU.Build.0 = Debug|Any CPU
		{38748A71-7709-4606-A914-3ECAE9CC2E7B}.Release|Any CPU.ActiveCfg = Release|Any CPU
		{38748A71-7709-4606-A914-3ECAE9CC2E7B}.Release|Any CPU.Build.0 = Release|Any CPU
		{03C8F1EA-E7D2-4AEA-99F0-3354328C9625}.Debug|Any CPU.ActiveCfg = Debug|Any CPU
		{03C8F1EA-E7D2-4AEA-99F0-3354328C9625}.Debug|Any CPU.Build.0 = Debug|Any CPU
		{03C8F1EA-E7D2-4AEA-99F0-3354328C9625}.Release|Any CPU.ActiveCfg = Release|Any CPU
		{03C8F1EA-E7D2-4AEA-99F0-3354328C9625}.Release|Any CPU.Build.0 = Release|Any CPU
		{957FEA50-F84D-4B82-9D9F-2454170CA7CE}.Debug|Any CPU.ActiveCfg = Debug|Any CPU
		{957FEA50-F84D-4B82-9D9F-2454170CA7CE}.Debug|Any CPU.Build.0 = Debug|Any CPU
		{957FEA50-F84D-4B82-9D9F-2454170CA7CE}.Release|Any CPU.ActiveCfg = Release|Any CPU
		{957FEA50-F84D-4B82-9D9F-2454170CA7CE}.Release|Any CPU.Build.0 = Release|Any CPU
		{E78BA8CD-E640-4CC2-ACE1-01BABB4625B7}.Debug|Any CPU.ActiveCfg = Debug|Any CPU
		{E78BA8CD-E640-4CC2-ACE1-01BABB4625B7}.Debug|Any CPU.Build.0 = Debug|Any CPU
		{E78BA8CD-E640-4CC2-ACE1-01BABB4625B7}.Release|Any CPU.ActiveCfg = Release|Any CPU
		{E78BA8CD-E640-4CC2-ACE1-01BABB4625B7}.Release|Any CPU.Build.0 = Release|Any CPU
		{7F442C5C-F78B-4E2C-8854-41A43467F1A7}.Debug|Any CPU.ActiveCfg = Debug|Any CPU
		{7F442C5C-F78B-4E2C-8854-41A43467F1A7}.Debug|Any CPU.Build.0 = Debug|Any CPU
		{7F442C5C-F78B-4E2C-8854-41A43467F1A7}.Release|Any CPU.ActiveCfg = Release|Any CPU
		{7F442C5C-F78B-4E2C-8854-41A43467F1A7}.Release|Any CPU.Build.0 = Release|Any CPU
		{AE2F38D0-5EC8-4EF7-8C35-E7B2F5B05B20}.Debug|Any CPU.ActiveCfg = Debug|Any CPU
		{AE2F38D0-5EC8-4EF7-8C35-E7B2F5B05B20}.Debug|Any CPU.Build.0 = Debug|Any CPU
		{AE2F38D0-5EC8-4EF7-8C35-E7B2F5B05B20}.Release|Any CPU.ActiveCfg = Release|Any CPU
		{AE2F38D0-5EC8-4EF7-8C35-E7B2F5B05B20}.Release|Any CPU.Build.0 = Release|Any CPU
		{59579746-5CCF-47CA-A683-03EDEB8FC1D6}.Debug|Any CPU.ActiveCfg = Debug|Any CPU
		{59579746-5CCF-47CA-A683-03EDEB8FC1D6}.Debug|Any CPU.Build.0 = Debug|Any CPU
		{59579746-5CCF-47CA-A683-03EDEB8FC1D6}.Release|Any CPU.ActiveCfg = Release|Any CPU
		{59579746-5CCF-47CA-A683-03EDEB8FC1D6}.Release|Any CPU.Build.0 = Release|Any CPU
		{0385B9CB-6C10-43E7-AA9F-A7EBC4BD55EC}.Debug|Any CPU.ActiveCfg = Debug|Any CPU
		{0385B9CB-6C10-43E7-AA9F-A7EBC4BD55EC}.Debug|Any CPU.Build.0 = Debug|Any CPU
		{0385B9CB-6C10-43E7-AA9F-A7EBC4BD55EC}.Release|Any CPU.ActiveCfg = Release|Any CPU
		{0385B9CB-6C10-43E7-AA9F-A7EBC4BD55EC}.Release|Any CPU.Build.0 = Release|Any CPU
		{552D50F4-9ABC-4738-A83A-3E69A08466A0}.Debug|Any CPU.ActiveCfg = Debug|Any CPU
		{552D50F4-9ABC-4738-A83A-3E69A08466A0}.Debug|Any CPU.Build.0 = Debug|Any CPU
		{552D50F4-9ABC-4738-A83A-3E69A08466A0}.Release|Any CPU.ActiveCfg = Release|Any CPU
		{552D50F4-9ABC-4738-A83A-3E69A08466A0}.Release|Any CPU.Build.0 = Release|Any CPU
		{1C945322-6C88-4AD2-91A7-A71C98C45969}.Debug|Any CPU.ActiveCfg = Debug|Any CPU
		{1C945322-6C88-4AD2-91A7-A71C98C45969}.Debug|Any CPU.Build.0 = Debug|Any CPU
		{1C945322-6C88-4AD2-91A7-A71C98C45969}.Release|Any CPU.ActiveCfg = Release|Any CPU
		{1C945322-6C88-4AD2-91A7-A71C98C45969}.Release|Any CPU.Build.0 = Release|Any CPU
		{37DBEA98-8E5A-432A-8734-53F8B74A94CE}.Debug|Any CPU.ActiveCfg = Debug|Any CPU
		{37DBEA98-8E5A-432A-8734-53F8B74A94CE}.Debug|Any CPU.Build.0 = Debug|Any CPU
		{37DBEA98-8E5A-432A-8734-53F8B74A94CE}.Release|Any CPU.ActiveCfg = Release|Any CPU
		{37DBEA98-8E5A-432A-8734-53F8B74A94CE}.Release|Any CPU.Build.0 = Release|Any CPU
		{D3345466-ABC3-4A20-8D3C-D0B079074C91}.Debug|Any CPU.ActiveCfg = Debug|Any CPU
		{D3345466-ABC3-4A20-8D3C-D0B079074C91}.Debug|Any CPU.Build.0 = Debug|Any CPU
		{D3345466-ABC3-4A20-8D3C-D0B079074C91}.Release|Any CPU.ActiveCfg = Release|Any CPU
		{D3345466-ABC3-4A20-8D3C-D0B079074C91}.Release|Any CPU.Build.0 = Release|Any CPU
		{4157AAD2-023F-47EA-9755-47A679FC3FC7}.Debug|Any CPU.ActiveCfg = Debug|Any CPU
		{4157AAD2-023F-47EA-9755-47A679FC3FC7}.Debug|Any CPU.Build.0 = Debug|Any CPU
		{4157AAD2-023F-47EA-9755-47A679FC3FC7}.Release|Any CPU.ActiveCfg = Release|Any CPU
		{4157AAD2-023F-47EA-9755-47A679FC3FC7}.Release|Any CPU.Build.0 = Release|Any CPU
		{ECAEEA5D-B694-4DC4-AE7E-8A609C4E5192}.Debug|Any CPU.ActiveCfg = Debug|Any CPU
		{ECAEEA5D-B694-4DC4-AE7E-8A609C4E5192}.Debug|Any CPU.Build.0 = Debug|Any CPU
		{ECAEEA5D-B694-4DC4-AE7E-8A609C4E5192}.Release|Any CPU.ActiveCfg = Release|Any CPU
		{ECAEEA5D-B694-4DC4-AE7E-8A609C4E5192}.Release|Any CPU.Build.0 = Release|Any CPU
		{38D66AE9-1207-42C0-8868-615B502163FE}.Debug|Any CPU.ActiveCfg = Debug|Any CPU
		{38D66AE9-1207-42C0-8868-615B502163FE}.Debug|Any CPU.Build.0 = Debug|Any CPU
		{38D66AE9-1207-42C0-8868-615B502163FE}.Release|Any CPU.ActiveCfg = Release|Any CPU
		{38D66AE9-1207-42C0-8868-615B502163FE}.Release|Any CPU.Build.0 = Release|Any CPU
		{CFB0D4BC-D145-429D-8196-6C88A3B9AA21}.Debug|Any CPU.ActiveCfg = Debug|Any CPU
		{CFB0D4BC-D145-429D-8196-6C88A3B9AA21}.Debug|Any CPU.Build.0 = Debug|Any CPU
		{CFB0D4BC-D145-429D-8196-6C88A3B9AA21}.Release|Any CPU.ActiveCfg = Release|Any CPU
		{CFB0D4BC-D145-429D-8196-6C88A3B9AA21}.Release|Any CPU.Build.0 = Release|Any CPU
		{82FB74E2-E144-4368-9519-3920DEE896DF}.Debug|Any CPU.ActiveCfg = Debug|Any CPU
		{82FB74E2-E144-4368-9519-3920DEE896DF}.Debug|Any CPU.Build.0 = Debug|Any CPU
		{82FB74E2-E144-4368-9519-3920DEE896DF}.Release|Any CPU.ActiveCfg = Release|Any CPU
		{82FB74E2-E144-4368-9519-3920DEE896DF}.Release|Any CPU.Build.0 = Release|Any CPU
		{93B88FF0-2B00-4EA0-8DC9-9EEF93373938}.Debug|Any CPU.ActiveCfg = Debug|Any CPU
		{93B88FF0-2B00-4EA0-8DC9-9EEF93373938}.Debug|Any CPU.Build.0 = Debug|Any CPU
		{93B88FF0-2B00-4EA0-8DC9-9EEF93373938}.Release|Any CPU.ActiveCfg = Release|Any CPU
		{93B88FF0-2B00-4EA0-8DC9-9EEF93373938}.Release|Any CPU.Build.0 = Release|Any CPU
		{C0CF8E78-E4D3-4EF8-849F-5F6B9222AB02}.Debug|Any CPU.ActiveCfg = Debug|Any CPU
		{C0CF8E78-E4D3-4EF8-849F-5F6B9222AB02}.Debug|Any CPU.Build.0 = Debug|Any CPU
		{C0CF8E78-E4D3-4EF8-849F-5F6B9222AB02}.Release|Any CPU.ActiveCfg = Release|Any CPU
		{C0CF8E78-E4D3-4EF8-849F-5F6B9222AB02}.Release|Any CPU.Build.0 = Release|Any CPU
		{EF35332E-6092-46FD-B4C9-64192C69A95B}.Debug|Any CPU.ActiveCfg = Debug|Any CPU
		{EF35332E-6092-46FD-B4C9-64192C69A95B}.Debug|Any CPU.Build.0 = Debug|Any CPU
		{EF35332E-6092-46FD-B4C9-64192C69A95B}.Release|Any CPU.ActiveCfg = Release|Any CPU
		{EF35332E-6092-46FD-B4C9-64192C69A95B}.Release|Any CPU.Build.0 = Release|Any CPU
		{E9AAC846-9B6A-4706-90D4-1232DCF29728}.Debug|Any CPU.ActiveCfg = Debug|Any CPU
		{E9AAC846-9B6A-4706-90D4-1232DCF29728}.Debug|Any CPU.Build.0 = Debug|Any CPU
		{E9AAC846-9B6A-4706-90D4-1232DCF29728}.Release|Any CPU.ActiveCfg = Release|Any CPU
		{E9AAC846-9B6A-4706-90D4-1232DCF29728}.Release|Any CPU.Build.0 = Release|Any CPU
		{2A94D7D1-E3ED-4BD2-9F89-0B8A46CBCB45}.Debug|Any CPU.ActiveCfg = Debug|Any CPU
		{2A94D7D1-E3ED-4BD2-9F89-0B8A46CBCB45}.Debug|Any CPU.Build.0 = Debug|Any CPU
		{2A94D7D1-E3ED-4BD2-9F89-0B8A46CBCB45}.Release|Any CPU.ActiveCfg = Release|Any CPU
		{2A94D7D1-E3ED-4BD2-9F89-0B8A46CBCB45}.Release|Any CPU.Build.0 = Release|Any CPU
		{744200C3-4A6A-4CAF-87CB-6DB53A452E25}.Debug|Any CPU.ActiveCfg = Debug|Any CPU
		{744200C3-4A6A-4CAF-87CB-6DB53A452E25}.Debug|Any CPU.Build.0 = Debug|Any CPU
		{744200C3-4A6A-4CAF-87CB-6DB53A452E25}.Release|Any CPU.ActiveCfg = Release|Any CPU
		{744200C3-4A6A-4CAF-87CB-6DB53A452E25}.Release|Any CPU.Build.0 = Release|Any CPU
		{FD17BB51-6D57-4DD7-9028-046F9641C6E0}.Debug|Any CPU.ActiveCfg = Debug|Any CPU
		{FD17BB51-6D57-4DD7-9028-046F9641C6E0}.Debug|Any CPU.Build.0 = Debug|Any CPU
		{FD17BB51-6D57-4DD7-9028-046F9641C6E0}.Release|Any CPU.ActiveCfg = Release|Any CPU
		{FD17BB51-6D57-4DD7-9028-046F9641C6E0}.Release|Any CPU.Build.0 = Release|Any CPU
		{A38119C1-7D25-4A8E-9053-D941E9CFE70D}.Debug|Any CPU.ActiveCfg = Debug|Any CPU
		{A38119C1-7D25-4A8E-9053-D941E9CFE70D}.Debug|Any CPU.Build.0 = Debug|Any CPU
		{A38119C1-7D25-4A8E-9053-D941E9CFE70D}.Release|Any CPU.ActiveCfg = Release|Any CPU
		{A38119C1-7D25-4A8E-9053-D941E9CFE70D}.Release|Any CPU.Build.0 = Release|Any CPU
		{7CD22A74-F2F2-47A7-9B64-DB8A9EFF54BE}.Debug|Any CPU.ActiveCfg = Debug|Any CPU
		{7CD22A74-F2F2-47A7-9B64-DB8A9EFF54BE}.Debug|Any CPU.Build.0 = Debug|Any CPU
		{7CD22A74-F2F2-47A7-9B64-DB8A9EFF54BE}.Release|Any CPU.ActiveCfg = Release|Any CPU
		{7CD22A74-F2F2-47A7-9B64-DB8A9EFF54BE}.Release|Any CPU.Build.0 = Release|Any CPU
		{DBCEA39C-BD3B-4741-916A-68AA5A13EC5D}.Debug|Any CPU.ActiveCfg = Debug|Any CPU
		{DBCEA39C-BD3B-4741-916A-68AA5A13EC5D}.Debug|Any CPU.Build.0 = Debug|Any CPU
		{DBCEA39C-BD3B-4741-916A-68AA5A13EC5D}.Release|Any CPU.ActiveCfg = Release|Any CPU
		{DBCEA39C-BD3B-4741-916A-68AA5A13EC5D}.Release|Any CPU.Build.0 = Release|Any CPU
		{D449E948-A279-498C-842B-5BA521A54478}.Debug|Any CPU.ActiveCfg = Debug|Any CPU
		{D449E948-A279-498C-842B-5BA521A54478}.Debug|Any CPU.Build.0 = Debug|Any CPU
		{D449E948-A279-498C-842B-5BA521A54478}.Release|Any CPU.ActiveCfg = Release|Any CPU
		{D449E948-A279-498C-842B-5BA521A54478}.Release|Any CPU.Build.0 = Release|Any CPU
		{2DC3E0DB-8243-4A50-BA28-C8100AED9154}.Debug|Any CPU.ActiveCfg = Debug|Any CPU
		{2DC3E0DB-8243-4A50-BA28-C8100AED9154}.Debug|Any CPU.Build.0 = Debug|Any CPU
		{2DC3E0DB-8243-4A50-BA28-C8100AED9154}.Release|Any CPU.ActiveCfg = Release|Any CPU
		{2DC3E0DB-8243-4A50-BA28-C8100AED9154}.Release|Any CPU.Build.0 = Release|Any CPU
		{4869BD9A-0098-4657-8161-D082D989145A}.Debug|Any CPU.ActiveCfg = Debug|Any CPU
		{4869BD9A-0098-4657-8161-D082D989145A}.Debug|Any CPU.Build.0 = Debug|Any CPU
		{4869BD9A-0098-4657-8161-D082D989145A}.Release|Any CPU.ActiveCfg = Release|Any CPU
		{4869BD9A-0098-4657-8161-D082D989145A}.Release|Any CPU.Build.0 = Release|Any CPU
		{FBCF01FC-BE1C-4BEA-956A-FD611AD1C583}.Debug|Any CPU.ActiveCfg = Debug|Any CPU
		{FBCF01FC-BE1C-4BEA-956A-FD611AD1C583}.Debug|Any CPU.Build.0 = Debug|Any CPU
		{FBCF01FC-BE1C-4BEA-956A-FD611AD1C583}.Release|Any CPU.ActiveCfg = Release|Any CPU
		{FBCF01FC-BE1C-4BEA-956A-FD611AD1C583}.Release|Any CPU.Build.0 = Release|Any CPU
		{1DC41084-FAF7-4DB8-A30F-D125CD6764A8}.Debug|Any CPU.ActiveCfg = Debug|Any CPU
		{1DC41084-FAF7-4DB8-A30F-D125CD6764A8}.Debug|Any CPU.Build.0 = Debug|Any CPU
		{1DC41084-FAF7-4DB8-A30F-D125CD6764A8}.Release|Any CPU.ActiveCfg = Release|Any CPU
		{1DC41084-FAF7-4DB8-A30F-D125CD6764A8}.Release|Any CPU.Build.0 = Release|Any CPU
		{BD24AE6A-42A6-449D-A9CC-0C2A17BB97E8}.Debug|Any CPU.ActiveCfg = Debug|Any CPU
		{BD24AE6A-42A6-449D-A9CC-0C2A17BB97E8}.Debug|Any CPU.Build.0 = Debug|Any CPU
		{BD24AE6A-42A6-449D-A9CC-0C2A17BB97E8}.Release|Any CPU.ActiveCfg = Release|Any CPU
		{BD24AE6A-42A6-449D-A9CC-0C2A17BB97E8}.Release|Any CPU.Build.0 = Release|Any CPU
	EndGlobalSection
	GlobalSection(SolutionProperties) = preSolution
		HideSolutionNode = FALSE
	EndGlobalSection
	GlobalSection(ExtensibilityGlobals) = postSolution
		SolutionGuid = {3B044F99-5C84-407D-B787-D2550A7A540A}
	EndGlobalSection
EndGlobal
